
Microsoft Visual Studio Solution File, Format Version 12.00
# Visual Studio Version 17
VisualStudioVersion = 17.5.33502.453
MinimumVisualStudioVersion = 10.0.40219.1
Project("{F4C56A99-025E-4996-AD7A-0795D0765BAB}") = "TUX", "TUXProject\TUX.csproj", "{355AD04D-BBF2-4CC1-98FC-C00C10CD84B6}"
EndProject
Global
	GlobalSection(SolutionConfigurationPlatforms) = preSolution
		Debug|Any CPU = Debug|Any CPU
		Release|Any CPU = Release|Any CPU
	EndGlobalSection
	GlobalSection(ProjectConfigurationPlatforms) = postSolution
		{355AD04D-BBF2-4CC1-98FC-C00C10CD84B6}.Debug|Any CPU.ActiveCfg = Debug|Any CPU
		{355AD04D-BBF2-4CC1-98FC-C00C10CD84B6}.Debug|Any CPU.Build.0 = Debug|Any CPU
		{355AD04D-BBF2-4CC1-98FC-C00C10CD84B6}.Release|Any CPU.ActiveCfg = Release|Any CPU
		{355AD04D-BBF2-4CC1-98FC-C00C10CD84B6}.Release|Any CPU.Build.0 = Release|Any CPU
	EndGlobalSection
	GlobalSection(SolutionProperties) = preSolution
		HideSolutionNode = FALSE
	EndGlobalSection
EndGlobal
